
Microsoft Visual Studio Solution File, Format Version 12.00
# Visual Studio Version 16
VisualStudioVersion = 16.0.29409.12
MinimumVisualStudioVersion = 10.0.40219.1
Project("{FAE04EC0-301F-11D3-BF4B-00C04F79EFBC}") = "vjezba1", "vjezba1.csproj", "{37D4FD4B-BD0E-4D22-A7DC-B8C04C2606E9}"
EndProject
Global
	GlobalSection(SolutionConfigurationPlatforms) = preSolution
		Debug|Any CPU = Debug|Any CPU
		Release|Any CPU = Release|Any CPU
	EndGlobalSection
	GlobalSection(ProjectConfigurationPlatforms) = postSolution
		{37D4FD4B-BD0E-4D22-A7DC-B8C04C2606E9}.Debug|Any CPU.ActiveCfg = Debug|Any CPU
		{37D4FD4B-BD0E-4D22-A7DC-B8C04C2606E9}.Debug|Any CPU.Build.0 = Debug|Any CPU
		{37D4FD4B-BD0E-4D22-A7DC-B8C04C2606E9}.Release|Any CPU.ActiveCfg = Release|Any CPU
		{37D4FD4B-BD0E-4D22-A7DC-B8C04C2606E9}.Release|Any CPU.Build.0 = Release|Any CPU
	EndGlobalSection
	GlobalSection(SolutionProperties) = preSolution
		HideSolutionNode = FALSE
	EndGlobalSection
	GlobalSection(ExtensibilityGlobals) = postSolution
		SolutionGuid = {8CBF63D8-680F-429C-92D6-44B52D362F90}
	EndGlobalSection
EndGlobal
